Microsoft Visual Studio Solution File, Format Version 12.00
# Visual Studio Version 17
VisualStudioVersion = 17.5.2.0
MinimumVisualStudioVersion = 10.0.40219.1
Project("{FAE04EC0-301F-11D3-BF4B-00C04F79EFBC}") = "vikt_program", "vikt_program.csproj", "{2ACBEF00-4D4D-76E0-80DB-F12F33579B66}"
EndProject
Global
	GlobalSection(SolutionConfigurationPlatforms) = preSolution
		Debug|Any CPU = Debug|Any CPU
		Release|Any CPU = Release|Any CPU
	EndGlobalSection
	GlobalSection(ProjectConfigurationPlatforms) = postSolution
		{2ACBEF00-4D4D-76E0-80DB-F12F33579B66}.Debug|Any CPU.ActiveCfg = Debug|Any CPU
		{2ACBEF00-4D4D-76E0-80DB-F12F33579B66}.Debug|Any CPU.Build.0 = Debug|Any CPU
		{2ACBEF00-4D4D-76E0-80DB-F12F33579B66}.Release|Any CPU.ActiveCfg = Release|Any CPU
		{2ACBEF00-4D4D-76E0-80DB-F12F33579B66}.Release|Any CPU.Build.0 = Release|Any CPU
	EndGlobalSection
	GlobalSection(SolutionProperties) = preSolution
		HideSolutionNode = FALSE
	EndGlobalSection
	GlobalSection(ExtensibilityGlobals) = postSolution
		SolutionGuid = {7EE45612-2600-4BA4-8DF1-8B422B6D48BD}
	EndGlobalSection
EndGlobal
